
Microsoft Visual Studio Solution File, Format Version 12.00
# Visual Studio Version 17
VisualStudioVersion = 17.0.31903.59
MinimumVisualStudioVersion = 10.0.40219.1
Project("{2150E333-8FDC-42A3-9474-1A3956D46DE8}") = "Satinalma Pro", "Satinalma Pro", "{964C1D26-A652-37A9-2DEA-750E8E82F689}"
EndProject
Project("{FAE04EC0-301F-11D3-BF4B-00C04F79EFBC}") = "SatinalmaPro", "Satinalma Pro\SatinalmaPro.csproj", "{0BA90BB9-B26F-4EBE-8134-2F6D553EC4AE}"
EndProject
Project("{FAE04EC0-301F-11D3-BF4B-00C04F79EFBC}") = "SatinalmaPro.Shared", "SatinalmaPro.Shared\SatinalmaPro.Shared.csproj", "{8C6975BA-D2B8-4868-B8D8-35D1E12110B9}"
EndProject
Project("{FAE04EC0-301F-11D3-BF4B-00C04F79EFBC}") = "SatinalmaPro.Mobile", "SatinalmaPro.Mobile\SatinalmaPro.Mobile.csproj", "{8DBE1ED3-19B3-40F7-8E0E-3EAB42003DDA}"
EndProject
Global
	GlobalSection(SolutionConfigurationPlatforms) = preSolution
		Debug|Any CPU = Debug|Any CPU
		Debug|x64 = Debug|x64
		Debug|x86 = Debug|x86
		Release|Any CPU = Release|Any CPU
		Release|x64 = Release|x64
		Release|x86 = Release|x86
	EndGlobalSection
	GlobalSection(ProjectConfigurationPlatforms) = postSolution
		{0BA90BB9-B26F-4EBE-8134-2F6D553EC4AE}.Debug|Any CPU.ActiveCfg = Debug|Any CPU
		{0BA90BB9-B26F-4EBE-8134-2F6D553EC4AE}.Debug|Any CPU.Build.0 = Debug|Any CPU
		{0BA90BB9-B26F-4EBE-8134-2F6D553EC4AE}.Debug|x64.ActiveCfg = Debug|Any CPU
		{0BA90BB9-B26F-4EBE-8134-2F6D553EC4AE}.Debug|x64.Build.0 = Debug|Any CPU
		{0BA90BB9-B26F-4EBE-8134-2F6D553EC4AE}.Debug|x86.ActiveCfg = Debug|Any CPU
		{0BA90BB9-B26F-4EBE-8134-2F6D553EC4AE}.Debug|x86.Build.0 = Debug|Any CPU
		{0BA90BB9-B26F-4EBE-8134-2F6D553EC4AE}.Release|Any CPU.ActiveCfg = Release|Any CPU
		{0BA90BB9-B26F-4EBE-8134-2F6D553EC4AE}.Release|Any CPU.Build.0 = Release|Any CPU
		{0BA90BB9-B26F-4EBE-8134-2F6D553EC4AE}.Release|x64.ActiveCfg = Release|Any CPU
		{0BA90BB9-B26F-4EBE-8134-2F6D553EC4AE}.Release|x64.Build.0 = Release|Any CPU
		{0BA90BB9-B26F-4EBE-8134-2F6D553EC4AE}.Release|x86.ActiveCfg = Release|Any CPU
		{0BA90BB9-B26F-4EBE-8134-2F6D553EC4AE}.Release|x86.Build.0 = Release|Any CPU
		{8C6975BA-D2B8-4868-B8D8-35D1E12110B9}.Debug|Any CPU.ActiveCfg = Debug|Any CPU
		{8C6975BA-D2B8-4868-B8D8-35D1E12110B9}.Debug|Any CPU.Build.0 = Debug|Any CPU
		{8C6975BA-D2B8-4868-B8D8-35D1E12110B9}.Debug|x64.ActiveCfg = Debug|Any CPU
		{8C6975BA-D2B8-4868-B8D8-35D1E12110B9}.Debug|x64.Build.0 = Debug|Any CPU
		{8C6975BA-D2B8-4868-B8D8-35D1E12110B9}.Debug|x86.ActiveCfg = Debug|Any CPU
		{8C6975BA-D2B8-4868-B8D8-35D1E12110B9}.Debug|x86.Build.0 = Debug|Any CPU
		{8C6975BA-D2B8-4868-B8D8-35D1E12110B9}.Release|Any CPU.ActiveCfg = Release|Any CPU
		{8C6975BA-D2B8-4868-B8D8-35D1E12110B9}.Release|Any CPU.Build.0 = Release|Any CPU
		{8C6975BA-D2B8-4868-B8D8-35D1E12110B9}.Release|x64.ActiveCfg = Release|Any CPU
		{8C6975BA-D2B8-4868-B8D8-35D1E12110B9}.Release|x64.Build.0 = Release|Any CPU
		{8C6975BA-D2B8-4868-B8D8-35D1E12110B9}.Release|x86.ActiveCfg = Release|Any CPU
		{8C6975BA-D2B8-4868-B8D8-35D1E12110B9}.Release|x86.Build.0 = Release|Any CPU
		{8DBE1ED3-19B3-40F7-8E0E-3EAB42003DDA}.Debug|Any CPU.ActiveCfg = Debug|Any CPU
		{8DBE1ED3-19B3-40F7-8E0E-3EAB42003DDA}.Debug|Any CPU.Build.0 = Debug|Any CPU
		{8DBE1ED3-19B3-40F7-8E0E-3EAB42003DDA}.Debug|x64.ActiveCfg = Debug|Any CPU
		{8DBE1ED3-19B3-40F7-8E0E-3EAB42003DDA}.Debug|x64.Build.0 = Debug|Any CPU
		{8DBE1ED3-19B3-40F7-8E0E-3EAB42003DDA}.Debug|x86.ActiveCfg = Debug|Any CPU
		{8DBE1ED3-19B3-40F7-8E0E-3EAB42003DDA}.Debug|x86.Build.0 = Debug|Any CPU
		{8DBE1ED3-19B3-40F7-8E0E-3EAB42003DDA}.Release|Any CPU.ActiveCfg = Release|Any CPU
		{8DBE1ED3-19B3-40F7-8E0E-3EAB42003DDA}.Release|Any CPU.Build.0 = Release|Any CPU
		{8DBE1ED3-19B3-40F7-8E0E-3EAB42003DDA}.Release|x64.ActiveCfg = Release|Any CPU
		{8DBE1ED3-19B3-40F7-8E0E-3EAB42003DDA}.Release|x64.Build.0 = Release|Any CPU
		{8DBE1ED3-19B3-40F7-8E0E-3EAB42003DDA}.Release|x86.ActiveCfg = Release|Any CPU
		{8DBE1ED3-19B3-40F7-8E0E-3EAB42003DDA}.Release|x86.Build.0 = Release|Any CPU
	EndGlobalSection
	GlobalSection(SolutionProperties) = preSolution
		HideSolutionNode = FALSE
	EndGlobalSection
	GlobalSection(NestedProjects) = preSolution
		{0BA90BB9-B26F-4EBE-8134-2F6D553EC4AE} = {964C1D26-A652-37A9-2DEA-750E8E82F689}
		{8C6975BA-D2B8-4868-B8D8-35D1E12110B9} = {964C1D26-A652-37A9-2DEA-750E8E82F689}
		{8DBE1ED3-19B3-40F7-8E0E-3EAB42003DDA} = {964C1D26-A652-37A9-2DEA-750E8E82F689}
	EndGlobalSection
EndGlobal
